
Microsoft Visual Studio Solution File, Format Version 12.00
# Visual Studio Version 17
VisualStudioVersion = 17.1.32228.430
MinimumVisualStudioVersion = 10.0.40219.1
Project("{9A19103F-16F7-4668-BE54-9A1E7A4F7556}") = "PrizeBondChecker", "PrizeBondChecker\PrizeBondChecker.csproj", "{61F1B4B4-8954-4F1C-BEE0-5F1486C8A597}"
EndProject
Project("{9A19103F-16F7-4668-BE54-9A1E7A4F7556}") = "Domain", "Domain\Domain.csproj", "{5DEE2703-54B3-47B2-946F-F1333C55DEA5}"
EndProject
Project("{9A19103F-16F7-4668-BE54-9A1E7A4F7556}") = "Infrastructure", "Infrastructure\Infrastructure.csproj", "{2E625224-14A8-4F57-96E5-D56B65BAAF10}"
EndProject
Project("{9A19103F-16F7-4668-BE54-9A1E7A4F7556}") = "Application", "Application\Application.csproj", "{DFDADA94-9CB4-44A4-8109-8FFC4D9CA560}"
EndProject
Project("{FAE04EC0-301F-11D3-BF4B-00C04F79EFBC}") = "PrizeBondChecker.Test", "PrizeBondChecker.Test\PrizeBondChecker.Test.csproj", "{33D1963F-98E8-4B40-B9AB-89E96EF008C4}"
EndProject
Global
	GlobalSection(SolutionConfigurationPlatforms) = preSolution
		Debug|Any CPU = Debug|Any CPU
		Release|Any CPU = Release|Any CPU
	EndGlobalSection
	GlobalSection(ProjectConfigurationPlatforms) = postSolution
		{61F1B4B4-8954-4F1C-BEE0-5F1486C8A597}.Debug|Any CPU.ActiveCfg = Debug|Any CPU
		{61F1B4B4-8954-4F1C-BEE0-5F1486C8A597}.Debug|Any CPU.Build.0 = Debug|Any CPU
		{61F1B4B4-8954-4F1C-BEE0-5F1486C8A597}.Release|Any CPU.ActiveCfg = Release|Any CPU
		{61F1B4B4-8954-4F1C-BEE0-5F1486C8A597}.Release|Any CPU.Build.0 = Release|Any CPU
		{5DEE2703-54B3-47B2-946F-F1333C55DEA5}.Debug|Any CPU.ActiveCfg = Debug|Any CPU
		{5DEE2703-54B3-47B2-946F-F1333C55DEA5}.Debug|Any CPU.Build.0 = Debug|Any CPU
		{5DEE2703-54B3-47B2-946F-F1333C55DEA5}.Release|Any CPU.ActiveCfg = Release|Any CPU
		{5DEE2703-54B3-47B2-946F-F1333C55DEA5}.Release|Any CPU.Build.0 = Release|Any CPU
		{2E625224-14A8-4F57-96E5-D56B65BAAF10}.Debug|Any CPU.ActiveCfg = Debug|Any CPU
		{2E625224-14A8-4F57-96E5-D56B65BAAF10}.Debug|Any CPU.Build.0 = Debug|Any CPU
		{2E625224-14A8-4F57-96E5-D56B65BAAF10}.Release|Any CPU.ActiveCfg = Release|Any CPU
		{2E625224-14A8-4F57-96E5-D56B65BAAF10}.Release|Any CPU.Build.0 = Release|Any CPU
		{DFDADA94-9CB4-44A4-8109-8FFC4D9CA560}.Debug|Any CPU.ActiveCfg = Debug|Any CPU
		{DFDADA94-9CB4-44A4-8109-8FFC4D9CA560}.Debug|Any CPU.Build.0 = Debug|Any CPU
		{DFDADA94-9CB4-44A4-8109-8FFC4D9CA560}.Release|Any CPU.ActiveCfg = Release|Any CPU
		{DFDADA94-9CB4-44A4-8109-8FFC4D9CA560}.Release|Any CPU.Build.0 = Release|Any CPU
		{33D1963F-98E8-4B40-B9AB-89E96EF008C4}.Debug|Any CPU.ActiveCfg = Debug|Any CPU
		{33D1963F-98E8-4B40-B9AB-89E96EF008C4}.Debug|Any CPU.Build.0 = Debug|Any CPU
		{33D1963F-98E8-4B40-B9AB-89E96EF008C4}.Release|Any CPU.ActiveCfg = Release|Any CPU
		{33D1963F-98E8-4B40-B9AB-89E96EF008C4}.Release|Any CPU.Build.0 = Release|Any CPU
	EndGlobalSection
	GlobalSection(SolutionProperties) = preSolution
		HideSolutionNode = FALSE
	EndGlobalSection
	GlobalSection(ExtensibilityGlobals) = postSolution
		SolutionGuid = {186E448F-308A-469D-BBC2-43FBA211A4EE}
	EndGlobalSection
EndGlobal
